
Microsoft Visual Studio Solution File, Format Version 12.00
# Visual Studio Version 17
VisualStudioVersion = 17.9.34607.119
MinimumVisualStudioVersion = 10.0.40219.1
Project("{FAE04EC0-301F-11D3-BF4B-00C04F79EFBC}") = "fatmaEhabTask_Atech", "fatmaEhabTask_Atech\fatmaEhabTask_Atech.csproj", "{3E142B5F-31E5-4415-B304-6A50B3886F03}"
EndProject
Project("{FAE04EC0-301F-11D3-BF4B-00C04F79EFBC}") = "AtechApiTests", "AtechApiTests\AtechApiTests.csproj", "{EB5AC244-1949-4D85-AA76-5A2979761781}"
EndProject
Global
	GlobalSection(SolutionConfigurationPlatforms) = preSolution
		Debug|Any CPU = Debug|Any CPU
		Release|Any CPU = Release|Any CPU
	EndGlobalSection
	GlobalSection(ProjectConfigurationPlatforms) = postSolution
		{3E142B5F-31E5-4415-B304-6A50B3886F03}.Debug|Any CPU.ActiveCfg = Debug|Any CPU
		{3E142B5F-31E5-4415-B304-6A50B3886F03}.Debug|Any CPU.Build.0 = Debug|Any CPU
		{3E142B5F-31E5-4415-B304-6A50B3886F03}.Release|Any CPU.ActiveCfg = Release|Any CPU
		{3E142B5F-31E5-4415-B304-6A50B3886F03}.Release|Any CPU.Build.0 = Release|Any CPU
		{EB5AC244-1949-4D85-AA76-5A2979761781}.Debug|Any CPU.ActiveCfg = Debug|Any CPU
		{EB5AC244-1949-4D85-AA76-5A2979761781}.Debug|Any CPU.Build.0 = Debug|Any CPU
		{EB5AC244-1949-4D85-AA76-5A2979761781}.Release|Any CPU.ActiveCfg = Release|Any CPU
		{EB5AC244-1949-4D85-AA76-5A2979761781}.Release|Any CPU.Build.0 = Release|Any CPU
	EndGlobalSection
	GlobalSection(SolutionProperties) = preSolution
		HideSolutionNode = FALSE
	EndGlobalSection
	GlobalSection(ExtensibilityGlobals) = postSolution
		SolutionGuid = {17351A92-166A-4D83-AFCB-9E29CDEC7C8F}
	EndGlobalSection
EndGlobal
